
Microsoft Visual Studio Solution File, Format Version 12.00
# Visual Studio Version 17
VisualStudioVersion = 17.3.32929.385
MinimumVisualStudioVersion = 10.0.40219.1
Project("{FAE04EC0-301F-11D3-BF4B-00C04F79EFBC}") = "BypassUAC", "BypassUAC\BypassUAC.csproj", "{E4C1C122-D13E-4E64-BF0E-44EC87E10A25}"
EndProject
Global
	GlobalSection(SolutionConfigurationPlatforms) = preSolution
		Debug|Any CPU = Debug|Any CPU
		Debug|x64 = Debug|x64
		Release|Any CPU = Release|Any CPU
		Release|x64 = Release|x64
	EndGlobalSection
	GlobalSection(ProjectConfigurationPlatforms) = postSolution
		{E4C1C122-D13E-4E64-BF0E-44EC87E10A25}.Debug|Any CPU.ActiveCfg = Debug|Any CPU
		{E4C1C122-D13E-4E64-BF0E-44EC87E10A25}.Debug|Any CPU.Build.0 = Debug|Any CPU
		{E4C1C122-D13E-4E64-BF0E-44EC87E10A25}.Debug|x64.ActiveCfg = Debug|Any CPU
		{E4C1C122-D13E-4E64-BF0E-44EC87E10A25}.Debug|x64.Build.0 = Debug|Any CPU
		{E4C1C122-D13E-4E64-BF0E-44EC87E10A25}.Release|Any CPU.ActiveCfg = Release|Any CPU
		{E4C1C122-D13E-4E64-BF0E-44EC87E10A25}.Release|Any CPU.Build.0 = Release|Any CPU
		{E4C1C122-D13E-4E64-BF0E-44EC87E10A25}.Release|x64.ActiveCfg = Release|x64
		{E4C1C122-D13E-4E64-BF0E-44EC87E10A25}.Release|x64.Build.0 = Release|x64
	EndGlobalSection
	GlobalSection(SolutionProperties) = preSolution
		HideSolutionNode = FALSE
	EndGlobalSection
	GlobalSection(ExtensibilityGlobals) = postSolution
		SolutionGuid = {C3B1B34B-A6CC-4759-BA8C-B0291E32FA17}
	EndGlobalSection
EndGlobal
